
Microsoft Visual Studio Solution File, Format Version 12.00
# Visual Studio 14
VisualStudioVersion = 14.0.25420.1
MinimumVisualStudioVersion = 10.0.40219.1
Project("{8BC9CEB8-8B4A-11D0-8D11-00A0C91BC942}") = "UserMemoryOperation64", "UserMemoryOperation64\UserMemoryOperation64.vcxproj", "{28F47E15-7CC6-49D3-9FD4-442E82E13569}"
EndProject
Project("{8BC9CEB8-8B4A-11D0-8D11-00A0C91BC942}") = "UserMemoryOperation64App", "UserMemoryOperation64App\UserMemoryOperation64App.vcxproj", "{C899576B-A6D4-4B68-B33D-44565F1887FD}"
EndProject
Global
	GlobalSection(SolutionConfigurationPlatforms) = preSolution
		Debug|x64 = Debug|x64
		Debug|x86 = Debug|x86
		Release|x64 = Release|x64
		Release|x86 = Release|x86
	EndGlobalSection
	GlobalSection(ProjectConfigurationPlatforms) = postSolution
		{28F47E15-7CC6-49D3-9FD4-442E82E13569}.Debug|x64.ActiveCfg = Debug|x64
		{28F47E15-7CC6-49D3-9FD4-442E82E13569}.Debug|x64.Build.0 = Debug|x64
		{28F47E15-7CC6-49D3-9FD4-442E82E13569}.Debug|x86.ActiveCfg = Debug|Win32
		{28F47E15-7CC6-49D3-9FD4-442E82E13569}.Debug|x86.Build.0 = Debug|Win32
		{28F47E15-7CC6-49D3-9FD4-442E82E13569}.Release|x64.ActiveCfg = Release|x64
		{28F47E15-7CC6-49D3-9FD4-442E82E13569}.Release|x64.Build.0 = Release|x64
		{28F47E15-7CC6-49D3-9FD4-442E82E13569}.Release|x86.ActiveCfg = Release|Win32
		{28F47E15-7CC6-49D3-9FD4-442E82E13569}.Release|x86.Build.0 = Release|Win32
		{C899576B-A6D4-4B68-B33D-44565F1887FD}.Debug|x64.ActiveCfg = Debug|x64
		{C899576B-A6D4-4B68-B33D-44565F1887FD}.Debug|x64.Build.0 = Debug|x64
		{C899576B-A6D4-4B68-B33D-44565F1887FD}.Debug|x86.ActiveCfg = Debug|Win32
		{C899576B-A6D4-4B68-B33D-44565F1887FD}.Debug|x86.Build.0 = Debug|Win32
		{C899576B-A6D4-4B68-B33D-44565F1887FD}.Release|x64.ActiveCfg = Release|x64
		{C899576B-A6D4-4B68-B33D-44565F1887FD}.Release|x64.Build.0 = Release|x64
		{C899576B-A6D4-4B68-B33D-44565F1887FD}.Release|x86.ActiveCfg = Release|Win32
		{C899576B-A6D4-4B68-B33D-44565F1887FD}.Release|x86.Build.0 = Release|Win32
	EndGlobalSection
	GlobalSection(SolutionProperties) = preSolution
		HideSolutionNode = FALSE
	EndGlobalSection
EndGlobal
